
Microsoft Visual Studio Solution File, Format Version 12.00
# Visual Studio Version 17
VisualStudioVersion = 17.13.35919.96 d17.13
MinimumVisualStudioVersion = 10.0.40219.1
Project("{FAE04EC0-301F-11D3-BF4B-00C04F79EFBC}") = "Amani_Copiler", "Amani_Copiler.csproj", "{AA7BF912-7DB4-415C-88FC-2AF660ADC8E9}"
EndProject
Global
	GlobalSection(SolutionConfigurationPlatforms) = preSolution
		Debug|Any CPU = Debug|Any CPU
		Release|Any CPU = Release|Any CPU
	EndGlobalSection
	GlobalSection(ProjectConfigurationPlatforms) = postSolution
		{AA7BF912-7DB4-415C-88FC-2AF660ADC8E9}.Debug|Any CPU.ActiveCfg = Debug|Any CPU
		{AA7BF912-7DB4-415C-88FC-2AF660ADC8E9}.Debug|Any CPU.Build.0 = Debug|Any CPU
		{AA7BF912-7DB4-415C-88FC-2AF660ADC8E9}.Release|Any CPU.ActiveCfg = Release|Any CPU
		{AA7BF912-7DB4-415C-88FC-2AF660ADC8E9}.Release|Any CPU.Build.0 = Release|Any CPU
	EndGlobalSection
	GlobalSection(SolutionProperties) = preSolution
		HideSolutionNode = FALSE
	EndGlobalSection
	GlobalSection(ExtensibilityGlobals) = postSolution
		SolutionGuid = {EDC4F321-9C03-4B70-83F0-BAB2F70EE251}
	EndGlobalSection
EndGlobal
